schema: '2.0'
stages:
  tune:
    cmd: python3 core/workflows/tune_job.py
    deps:
    - path: core/workflows/tune_job.py
      hash: md5
      md5: 95f035dd3cc75a77f19e33db3bd2d09a
      size: 1847
    outs:
    - path: data//no_name/results.json
      hash: md5
      md5: 9aa7cae36675832fc0d8c6b5fdf75926
      size: 199
    - path: data//no_name/trials/
      hash: md5
      md5: c00e3a499340d53ae352612407223e72.dir
      size: 148
      nfiles: 3
